
Microsoft Visual Studio Solution File, Format Version 12.00
# Visual Studio Version 17
VisualStudioVersion = 17.12.35707.178
MinimumVisualStudioVersion = 10.0.40219.1
Project("{2150E333-8FDC-42A3-9474-1A3956D46DE8}") = "src", "src", "{AD720C37-2CAD-463F-A9DA-B27917A08586}"
EndProject
Project("{2150E333-8FDC-42A3-9474-1A3956D46DE8}") = "tests", "tests", "{2A8A4E5D-B5E0-4F78-A432-517D53728CF2}"
EndProject
Project("{2150E333-8FDC-42A3-9474-1A3956D46DE8}") = "infra", "infra", "{6AC022CC-25B5-4CEA-932A-A2D4F5C56824}"
EndProject
Project("{2150E333-8FDC-42A3-9474-1A3956D46DE8}") = "UserService", "UserService", "{BC7F9250-A46C-4F1B-BC9F-F6607428E420}"
EndProject
Project("{2150E333-8FDC-42A3-9474-1A3956D46DE8}") = "OrderService", "OrderService", "{10E5DC92-9577-4A24-985B-26878AE08D2D}"
EndProject
Project("{2150E333-8FDC-42A3-9474-1A3956D46DE8}") = "ApiGateway", "ApiGateway", "{8360D33B-1176-4BDE-AAAB-45979B858716}"
EndProject
Project("{2150E333-8FDC-42A3-9474-1A3956D46DE8}") = "ProductService", "ProductService", "{B94726FA-3BB6-4DFF-A36D-8D09C1728D8F}"
EndProject
Project("{2150E333-8FDC-42A3-9474-1A3956D46DE8}") = "BasketService", "BasketService", "{EC060200-8D97-4275-8EC2-E7C1AC5C7D44}"
EndProject
Project("{2150E333-8FDC-42A3-9474-1A3956D46DE8}") = "InventoryService", "InventoryService", "{2B446A6F-D856-4D94-B1EB-6D8AFA42C2D1}"
EndProject
Project("{2150E333-8FDC-42A3-9474-1A3956D46DE8}") = "Solution Items", "Solution Items", "{DAF51A2D-70BB-49F8-9417-A5C8E451775E}"
	ProjectSection(SolutionItems) = preProject
		docker-compose.yml = docker-compose.yml
		README.md = README.md
	EndProjectSection
EndProject
Project("{2150E333-8FDC-42A3-9474-1A3956D46DE8}") = "Services", "Services", "{02EA681E-C7D8-13C7-8484-4AC65E1B71E8}"
EndProject
Project("{2150E333-8FDC-42A3-9474-1A3956D46DE8}") = "Shared", "Shared", "{5B4CD083-C030-440E-8BDB-EFD6F10165AF}"
EndProject
Project("{FAE04EC0-301F-11D3-BF4B-00C04F79EFBC}") = "SharedKernel", "src\Shared\SharedKernel\SharedKernel.csproj", "{28AFF8AA-481C-054D-0B92-3E91246BA178}"
EndProject
Project("{FAE04EC0-301F-11D3-BF4B-00C04F79EFBC}") = "Domain", "src\Services\UserService\Domain\Domain.csproj", "{4EB9E0AB-EC2E-DB3C-733F-22260855B92F}"
EndProject
Project("{FAE04EC0-301F-11D3-BF4B-00C04F79EFBC}") = "Infrastructure", "src\Services\UserService\Infrastructure\Infrastructure.csproj", "{502EFBDB-E063-41D5-20BF-55CC1C62F97E}"
EndProject
Project("{FAE04EC0-301F-11D3-BF4B-00C04F79EFBC}") = "Application", "src\Services\UserService\Application\Application.csproj", "{3A5B6D1E-11ED-4F31-D708-FB7DBABA9C9D}"
EndProject
Project("{FAE04EC0-301F-11D3-BF4B-00C04F79EFBC}") = "API", "src\Services\UserService\API\API.csproj", "{122C16F8-3E80-1B4F-AB96-41BABF46396C}"
EndProject
Project("{FAE04EC0-301F-11D3-BF4B-00C04F79EFBC}") = "Domain", "src\Services\ProductService\Domain\Domain.csproj", "{C727A323-DA11-47FD-8581-68488F25C274}"
EndProject
Project("{FAE04EC0-301F-11D3-BF4B-00C04F79EFBC}") = "Infrastructure", "src\Services\ProductService\Infrastructure\Infrastructure.csproj", "{EFF2F55E-E378-4E2B-8585-E3CDC441813E}"
EndProject
Project("{FAE04EC0-301F-11D3-BF4B-00C04F79EFBC}") = "API", "src\Services\ProductService\API\API.csproj", "{6794F3F8-66A7-46F2-BB94-B00E8EC3EB76}"
EndProject
Project("{FAE04EC0-301F-11D3-BF4B-00C04F79EFBC}") = "Domain", "src\Services\OrderService\Domain\Domain.csproj", "{75A8BDB1-FD26-4DED-AFB6-FD90C103CE38}"
EndProject
Project("{2150E333-8FDC-42A3-9474-1A3956D46DE8}") = "SagaOrchestrator", "SagaOrchestrator", "{454B22C9-D83B-4060-9857-30F9BC0A9040}"
EndProject
Project("{FAE04EC0-301F-11D3-BF4B-00C04F79EFBC}") = "Infrastructure", "src\Services\OrderService\Infrastructure\Infrastructure.csproj", "{6A864A8A-6687-4284-99C4-C7AB7E2F56B4}"
EndProject
Project("{FAE04EC0-301F-11D3-BF4B-00C04F79EFBC}") = "Application", "src\Services\OrderService\Application\Application.csproj", "{1B7BD8A5-E5FB-4F36-8815-D63DBB4E2B5A}"
EndProject
Project("{FAE04EC0-301F-11D3-BF4B-00C04F79EFBC}") = "API", "src\Services\OrderService\API\API.csproj", "{FD49CFBE-6E0D-4E78-A6D4-E4C49A6F3296}"
EndProject
Project("{FAE04EC0-301F-11D3-BF4B-00C04F79EFBC}") = "OrderSaga.Worker", "src\Services\OrderSaga.Worker\OrderSaga.Worker.csproj", "{E2E20E51-A38A-4708-89CA-19CF3B993670}"
EndProject
Global
	GlobalSection(SolutionConfigurationPlatforms) = preSolution
		Debug|Any CPU = Debug|Any CPU
		Release|Any CPU = Release|Any CPU
	EndGlobalSection
	GlobalSection(ProjectConfigurationPlatforms) = postSolution
		{28AFF8AA-481C-054D-0B92-3E91246BA178}.Debug|Any CPU.ActiveCfg = Debug|Any CPU
		{28AFF8AA-481C-054D-0B92-3E91246BA178}.Debug|Any CPU.Build.0 = Debug|Any CPU
		{28AFF8AA-481C-054D-0B92-3E91246BA178}.Release|Any CPU.ActiveCfg = Release|Any CPU
		{28AFF8AA-481C-054D-0B92-3E91246BA178}.Release|Any CPU.Build.0 = Release|Any CPU
		{4EB9E0AB-EC2E-DB3C-733F-22260855B92F}.Debug|Any CPU.ActiveCfg = Debug|Any CPU
		{4EB9E0AB-EC2E-DB3C-733F-22260855B92F}.Debug|Any CPU.Build.0 = Debug|Any CPU
		{4EB9E0AB-EC2E-DB3C-733F-22260855B92F}.Release|Any CPU.ActiveCfg = Release|Any CPU
		{4EB9E0AB-EC2E-DB3C-733F-22260855B92F}.Release|Any CPU.Build.0 = Release|Any CPU
		{502EFBDB-E063-41D5-20BF-55CC1C62F97E}.Debug|Any CPU.ActiveCfg = Debug|Any CPU
		{502EFBDB-E063-41D5-20BF-55CC1C62F97E}.Debug|Any CPU.Build.0 = Debug|Any CPU
		{502EFBDB-E063-41D5-20BF-55CC1C62F97E}.Release|Any CPU.ActiveCfg = Release|Any CPU
		{502EFBDB-E063-41D5-20BF-55CC1C62F97E}.Release|Any CPU.Build.0 = Release|Any CPU
		{3A5B6D1E-11ED-4F31-D708-FB7DBABA9C9D}.Debug|Any CPU.ActiveCfg = Debug|Any CPU
		{3A5B6D1E-11ED-4F31-D708-FB7DBABA9C9D}.Debug|Any CPU.Build.0 = Debug|Any CPU
		{3A5B6D1E-11ED-4F31-D708-FB7DBABA9C9D}.Release|Any CPU.ActiveCfg = Release|Any CPU
		{3A5B6D1E-11ED-4F31-D708-FB7DBABA9C9D}.Release|Any CPU.Build.0 = Release|Any CPU
		{122C16F8-3E80-1B4F-AB96-41BABF46396C}.Debug|Any CPU.ActiveCfg = Debug|Any CPU
		{122C16F8-3E80-1B4F-AB96-41BABF46396C}.Debug|Any CPU.Build.0 = Debug|Any CPU
		{122C16F8-3E80-1B4F-AB96-41BABF46396C}.Release|Any CPU.ActiveCfg = Release|Any CPU
		{122C16F8-3E80-1B4F-AB96-41BABF46396C}.Release|Any CPU.Build.0 = Release|Any CPU
		{C727A323-DA11-47FD-8581-68488F25C274}.Debug|Any CPU.ActiveCfg = Debug|Any CPU
		{C727A323-DA11-47FD-8581-68488F25C274}.Debug|Any CPU.Build.0 = Debug|Any CPU
		{C727A323-DA11-47FD-8581-68488F25C274}.Release|Any CPU.ActiveCfg = Release|Any CPU
		{C727A323-DA11-47FD-8581-68488F25C274}.Release|Any CPU.Build.0 = Release|Any CPU
		{EFF2F55E-E378-4E2B-8585-E3CDC441813E}.Debug|Any CPU.ActiveCfg = Debug|Any CPU
		{EFF2F55E-E378-4E2B-8585-E3CDC441813E}.Debug|Any CPU.Build.0 = Debug|Any CPU
		{EFF2F55E-E378-4E2B-8585-E3CDC441813E}.Release|Any CPU.ActiveCfg = Release|Any CPU
		{EFF2F55E-E378-4E2B-8585-E3CDC441813E}.Release|Any CPU.Build.0 = Release|Any CPU
		{6794F3F8-66A7-46F2-BB94-B00E8EC3EB76}.Debug|Any CPU.ActiveCfg = Debug|Any CPU
		{6794F3F8-66A7-46F2-BB94-B00E8EC3EB76}.Debug|Any CPU.Build.0 = Debug|Any CPU
		{6794F3F8-66A7-46F2-BB94-B00E8EC3EB76}.Release|Any CPU.ActiveCfg = Release|Any CPU
		{6794F3F8-66A7-46F2-BB94-B00E8EC3EB76}.Release|Any CPU.Build.0 = Release|Any CPU
		{75A8BDB1-FD26-4DED-AFB6-FD90C103CE38}.Debug|Any CPU.ActiveCfg = Debug|Any CPU
		{75A8BDB1-FD26-4DED-AFB6-FD90C103CE38}.Debug|Any CPU.Build.0 = Debug|Any CPU
		{75A8BDB1-FD26-4DED-AFB6-FD90C103CE38}.Release|Any CPU.ActiveCfg = Release|Any CPU
		{75A8BDB1-FD26-4DED-AFB6-FD90C103CE38}.Release|Any CPU.Build.0 = Release|Any CPU
		{6A864A8A-6687-4284-99C4-C7AB7E2F56B4}.Debug|Any CPU.ActiveCfg = Debug|Any CPU
		{6A864A8A-6687-4284-99C4-C7AB7E2F56B4}.Debug|Any CPU.Build.0 = Debug|Any CPU
		{6A864A8A-6687-4284-99C4-C7AB7E2F56B4}.Release|Any CPU.ActiveCfg = Release|Any CPU
		{6A864A8A-6687-4284-99C4-C7AB7E2F56B4}.Release|Any CPU.Build.0 = Release|Any CPU
		{1B7BD8A5-E5FB-4F36-8815-D63DBB4E2B5A}.Debug|Any CPU.ActiveCfg = Debug|Any CPU
		{1B7BD8A5-E5FB-4F36-8815-D63DBB4E2B5A}.Debug|Any CPU.Build.0 = Debug|Any CPU
		{1B7BD8A5-E5FB-4F36-8815-D63DBB4E2B5A}.Release|Any CPU.ActiveCfg = Release|Any CPU
		{1B7BD8A5-E5FB-4F36-8815-D63DBB4E2B5A}.Release|Any CPU.Build.0 = Release|Any CPU
		{FD49CFBE-6E0D-4E78-A6D4-E4C49A6F3296}.Debug|Any CPU.ActiveCfg = Debug|Any CPU
		{FD49CFBE-6E0D-4E78-A6D4-E4C49A6F3296}.Debug|Any CPU.Build.0 = Debug|Any CPU
		{FD49CFBE-6E0D-4E78-A6D4-E4C49A6F3296}.Release|Any CPU.ActiveCfg = Release|Any CPU
		{FD49CFBE-6E0D-4E78-A6D4-E4C49A6F3296}.Release|Any CPU.Build.0 = Release|Any CPU
		{E2E20E51-A38A-4708-89CA-19CF3B993670}.Debug|Any CPU.ActiveCfg = Debug|Any CPU
		{E2E20E51-A38A-4708-89CA-19CF3B993670}.Debug|Any CPU.Build.0 = Debug|Any CPU
		{E2E20E51-A38A-4708-89CA-19CF3B993670}.Release|Any CPU.ActiveCfg = Release|Any CPU
		{E2E20E51-A38A-4708-89CA-19CF3B993670}.Release|Any CPU.Build.0 = Release|Any CPU
	EndGlobalSection
	GlobalSection(SolutionProperties) = preSolution
		HideSolutionNode = FALSE
	EndGlobalSection
	GlobalSection(NestedProjects) = preSolution
		{BC7F9250-A46C-4F1B-BC9F-F6607428E420} = {02EA681E-C7D8-13C7-8484-4AC65E1B71E8}
		{10E5DC92-9577-4A24-985B-26878AE08D2D} = {02EA681E-C7D8-13C7-8484-4AC65E1B71E8}
		{8360D33B-1176-4BDE-AAAB-45979B858716} = {AD720C37-2CAD-463F-A9DA-B27917A08586}
		{B94726FA-3BB6-4DFF-A36D-8D09C1728D8F} = {02EA681E-C7D8-13C7-8484-4AC65E1B71E8}
		{EC060200-8D97-4275-8EC2-E7C1AC5C7D44} = {02EA681E-C7D8-13C7-8484-4AC65E1B71E8}
		{2B446A6F-D856-4D94-B1EB-6D8AFA42C2D1} = {02EA681E-C7D8-13C7-8484-4AC65E1B71E8}
		{02EA681E-C7D8-13C7-8484-4AC65E1B71E8} = {AD720C37-2CAD-463F-A9DA-B27917A08586}
		{5B4CD083-C030-440E-8BDB-EFD6F10165AF} = {AD720C37-2CAD-463F-A9DA-B27917A08586}
		{28AFF8AA-481C-054D-0B92-3E91246BA178} = {5B4CD083-C030-440E-8BDB-EFD6F10165AF}
		{4EB9E0AB-EC2E-DB3C-733F-22260855B92F} = {BC7F9250-A46C-4F1B-BC9F-F6607428E420}
		{502EFBDB-E063-41D5-20BF-55CC1C62F97E} = {BC7F9250-A46C-4F1B-BC9F-F6607428E420}
		{3A5B6D1E-11ED-4F31-D708-FB7DBABA9C9D} = {BC7F9250-A46C-4F1B-BC9F-F6607428E420}
		{122C16F8-3E80-1B4F-AB96-41BABF46396C} = {BC7F9250-A46C-4F1B-BC9F-F6607428E420}
		{C727A323-DA11-47FD-8581-68488F25C274} = {B94726FA-3BB6-4DFF-A36D-8D09C1728D8F}
		{EFF2F55E-E378-4E2B-8585-E3CDC441813E} = {B94726FA-3BB6-4DFF-A36D-8D09C1728D8F}
		{6794F3F8-66A7-46F2-BB94-B00E8EC3EB76} = {B94726FA-3BB6-4DFF-A36D-8D09C1728D8F}
		{75A8BDB1-FD26-4DED-AFB6-FD90C103CE38} = {10E5DC92-9577-4A24-985B-26878AE08D2D}
		{454B22C9-D83B-4060-9857-30F9BC0A9040} = {02EA681E-C7D8-13C7-8484-4AC65E1B71E8}
		{6A864A8A-6687-4284-99C4-C7AB7E2F56B4} = {10E5DC92-9577-4A24-985B-26878AE08D2D}
		{1B7BD8A5-E5FB-4F36-8815-D63DBB4E2B5A} = {10E5DC92-9577-4A24-985B-26878AE08D2D}
		{FD49CFBE-6E0D-4E78-A6D4-E4C49A6F3296} = {10E5DC92-9577-4A24-985B-26878AE08D2D}
		{E2E20E51-A38A-4708-89CA-19CF3B993670} = {454B22C9-D83B-4060-9857-30F9BC0A9040}
	EndGlobalSection
	GlobalSection(ExtensibilityGlobals) = postSolution
		SolutionGuid = {D7BBDAF7-620D-48BD-B7DD-3165E29B98C1}
	EndGlobalSection
EndGlobal
