
Microsoft Visual Studio Solution File, Format Version 12.00
# Visual Studio Version 17
VisualStudioVersion = 17.12.35707.178 d17.12
MinimumVisualStudioVersion = 10.0.40219.1
Project("{2150E333-8FDC-42A3-9474-1A3956D46DE8}") = "src", "src", "{AD720C37-2CAD-463F-A9DA-B27917A08586}"
EndProject
Project("{2150E333-8FDC-42A3-9474-1A3956D46DE8}") = "shared", "shared", "{0F82BA6C-547D-4659-B488-97850605E4C2}"
EndProject
Project("{2150E333-8FDC-42A3-9474-1A3956D46DE8}") = "tests", "tests", "{2A8A4E5D-B5E0-4F78-A432-517D53728CF2}"
EndProject
Project("{2150E333-8FDC-42A3-9474-1A3956D46DE8}") = "docs", "docs", "{A1FB94CE-831F-46B6-9564-EB0152192FB0}"
EndProject
Project("{2150E333-8FDC-42A3-9474-1A3956D46DE8}") = "infra", "infra", "{6AC022CC-25B5-4CEA-932A-A2D4F5C56824}"
EndProject
Project("{2150E333-8FDC-42A3-9474-1A3956D46DE8}") = "UserService", "UserService", "{BC7F9250-A46C-4F1B-BC9F-F6607428E420}"
EndProject
Project("{2150E333-8FDC-42A3-9474-1A3956D46DE8}") = "OrderService", "OrderService", "{10E5DC92-9577-4A24-985B-26878AE08D2D}"
EndProject
Project("{2150E333-8FDC-42A3-9474-1A3956D46DE8}") = "ApiGateway", "ApiGateway", "{8360D33B-1176-4BDE-AAAB-45979B858716}"
EndProject
Project("{2150E333-8FDC-42A3-9474-1A3956D46DE8}") = "ProductService", "ProductService", "{B94726FA-3BB6-4DFF-A36D-8D09C1728D8F}"
EndProject
Project("{2150E333-8FDC-42A3-9474-1A3956D46DE8}") = "BasketService", "BasketService", "{EC060200-8D97-4275-8EC2-E7C1AC5C7D44}"
EndProject
Project("{2150E333-8FDC-42A3-9474-1A3956D46DE8}") = "ShippingService", "ShippingService", "{0A54A5F7-AB5E-49DC-870C-F150CAEC6905}"
EndProject
Project("{2150E333-8FDC-42A3-9474-1A3956D46DE8}") = "InventoryService", "InventoryService", "{2B446A6F-D856-4D94-B1EB-6D8AFA42C2D1}"
EndProject
Project("{2150E333-8FDC-42A3-9474-1A3956D46DE8}") = "Solution Items", "Solution Items", "{DAF51A2D-70BB-49F8-9417-A5C8E451775E}"
	ProjectSection(SolutionItems) = preProject
		README.md = README.md
	EndProjectSection
EndProject
Global
	GlobalSection(SolutionProperties) = preSolution
		HideSolutionNode = FALSE
	EndGlobalSection
	GlobalSection(NestedProjects) = preSolution
		{BC7F9250-A46C-4F1B-BC9F-F6607428E420} = {AD720C37-2CAD-463F-A9DA-B27917A08586}
		{10E5DC92-9577-4A24-985B-26878AE08D2D} = {AD720C37-2CAD-463F-A9DA-B27917A08586}
		{8360D33B-1176-4BDE-AAAB-45979B858716} = {AD720C37-2CAD-463F-A9DA-B27917A08586}
		{B94726FA-3BB6-4DFF-A36D-8D09C1728D8F} = {AD720C37-2CAD-463F-A9DA-B27917A08586}
		{EC060200-8D97-4275-8EC2-E7C1AC5C7D44} = {AD720C37-2CAD-463F-A9DA-B27917A08586}
		{0A54A5F7-AB5E-49DC-870C-F150CAEC6905} = {AD720C37-2CAD-463F-A9DA-B27917A08586}
		{2B446A6F-D856-4D94-B1EB-6D8AFA42C2D1} = {AD720C37-2CAD-463F-A9DA-B27917A08586}
	EndGlobalSection
EndGlobal
